
Microsoft Visual Studio Solution File, Format Version 12.00
# Visual Studio Version 17
VisualStudioVersion = 17.3.32929.385
MinimumVisualStudioVersion = 10.0.40219.1
Project("{FAE04EC0-301F-11D3-BF4B-00C04F79EFBC}") = "Repo1.API", "Repo1.API\Repo1.API.csproj", "{ECE51C50-D5BF-4EE1-B009-228B19F4709A}"
EndProject
Global
	GlobalSection(SolutionConfigurationPlatforms) = preSolution
		Debug|Any CPU = Debug|Any CPU
		Release|Any CPU = Release|Any CPU
	EndGlobalSection
	GlobalSection(ProjectConfigurationPlatforms) = postSolution
		{ECE51C50-D5BF-4EE1-B009-228B19F4709A}.Debug|Any CPU.ActiveCfg = Debug|Any CPU
		{ECE51C50-D5BF-4EE1-B009-228B19F4709A}.Debug|Any CPU.Build.0 = Debug|Any CPU
		{ECE51C50-D5BF-4EE1-B009-228B19F4709A}.Release|Any CPU.ActiveCfg = Release|Any CPU
		{ECE51C50-D5BF-4EE1-B009-228B19F4709A}.Release|Any CPU.Build.0 = Release|Any CPU
	EndGlobalSection
	GlobalSection(SolutionProperties) = preSolution
		HideSolutionNode = FALSE
	EndGlobalSection
	GlobalSection(ExtensibilityGlobals) = postSolution
		SolutionGuid = {398F629D-8541-4FAD-853C-066656BA91E3}
	EndGlobalSection
EndGlobal
